
Microsoft Visual Studio Solution File, Format Version 12.00
# Visual Studio Version 17
VisualStudioVersion = 17.14.36623.8 d17.14
MinimumVisualStudioVersion = 10.0.40219.1
Project("{FAE04EC0-301F-11D3-BF4B-00C04F79EFBC}") = "WinFormsApp1", "WinFormsApp1\WinFormsApp1.csproj", "{C34782F2-0D63-4BCF-A255-76C62FD4D23E}"
EndProject
Global
	GlobalSection(SolutionConfigurationPlatforms) = preSolution
		Debug|Any CPU = Debug|Any CPU
		Release|Any CPU = Release|Any CPU
	EndGlobalSection
	GlobalSection(ProjectConfigurationPlatforms) = postSolution
		{C34782F2-0D63-4BCF-A255-76C62FD4D23E}.Debug|Any CPU.ActiveCfg = Debug|Any CPU
		{C34782F2-0D63-4BCF-A255-76C62FD4D23E}.Debug|Any CPU.Build.0 = Debug|Any CPU
		{C34782F2-0D63-4BCF-A255-76C62FD4D23E}.Release|Any CPU.ActiveCfg = Release|Any CPU
		{C34782F2-0D63-4BCF-A255-76C62FD4D23E}.Release|Any CPU.Build.0 = Release|Any CPU
	EndGlobalSection
	GlobalSection(SolutionProperties) = preSolution
		HideSolutionNode = FALSE
	EndGlobalSection
	GlobalSection(ExtensibilityGlobals) = postSolution
		SolutionGuid = {A00A985D-3AA8-4F45-95B7-49FCDDF1168C}
	EndGlobalSection
EndGlobal
